
Microsoft Visual Studio Solution File, Format Version 12.00
# Visual Studio Version 16
VisualStudioVersion = 16.0.33328.57
MinimumVisualStudioVersion = 10.0.40219.1
Project("{FAE04EC0-301F-11D3-BF4B-00C04F79EFBC}") = "Ejem2GuiaLab2Unid2", "Ejem2GuiaLab2Unid2.csproj", "{7B23032B-8EF7-4474-B36A-FD89342E0A4F}"
EndProject
Global
	GlobalSection(SolutionConfigurationPlatforms) = preSolution
		Debug|Any CPU = Debug|Any CPU
		Release|Any CPU = Release|Any CPU
	EndGlobalSection
	GlobalSection(ProjectConfigurationPlatforms) = postSolution
		{7B23032B-8EF7-4474-B36A-FD89342E0A4F}.Debug|Any CPU.ActiveCfg = Debug|Any CPU
		{7B23032B-8EF7-4474-B36A-FD89342E0A4F}.Debug|Any CPU.Build.0 = Debug|Any CPU
		{7B23032B-8EF7-4474-B36A-FD89342E0A4F}.Release|Any CPU.ActiveCfg = Release|Any CPU
		{7B23032B-8EF7-4474-B36A-FD89342E0A4F}.Release|Any CPU.Build.0 = Release|Any CPU
	EndGlobalSection
	GlobalSection(SolutionProperties) = preSolution
		HideSolutionNode = FALSE
	EndGlobalSection
	GlobalSection(ExtensibilityGlobals) = postSolution
		SolutionGuid = {9BCDE252-57E9-45D2-918A-66EF0405291C}
	EndGlobalSection
EndGlobal
